// !$*UTF8*$!
{
	archiveVersion = 1;
	classes = {
	};
	objectVersion = 50;
	objects = {

/* Begin PBXBuildFile section */
		458D084A23E4706B00605EBB /* AppDelegate.swift in Sources */ = {isa = PBXBuildFile; fileRef = 458D084923E4706B00605EBB /* AppDelegate.swift */; };
		458D084C23E4706B00605EBB /* SceneDelegate.swift in Sources */ = {isa = PBXBuildFile; fileRef = 458D084B23E4706B00605EBB /* SceneDelegate.swift */; };
		458D084E23E4706B00605EBB /* ViewController.swift in Sources */ = {isa = PBXBuildFile; fileRef = 458D084D23E4706B00605EBB /* ViewController.swift */; };
		458D085123E4706B00605EBB /* Main.storyboard in Resources */ = {isa = PBXBuildFile; fileRef = 458D084F23E4706B00605EBB /* Main.storyboard */; };
		458D085323E4706C00605EBB /* Assets.xcassets in Resources */ = {isa = PBXBuildFile; fileRef = 458D085223E4706C00605EBB /* Assets.xcassets */; };
		458D085623E4706C00605EBB /* LaunchScreen.storyboard in Resources */ = {isa = PBXBuildFile; fileRef = 458D085423E4706C00605EBB /* LaunchScreen.storyboard */; };
		458D086123E4706C00605EBB /* HelloSwiftTests.swift in Sources */ = {isa = PBXBuildFile; fileRef = 458D086023E4706C00605EBB /* HelloSwiftTests.swift */; };
		458D086C23E4706C00605EBB /* HelloSwiftUITests.swift in Sources */ = {isa = PBXBuildFile; fileRef = 458D086B23E4706C00605EBB /* HelloSwiftUITests.swift */; };
/* End PBXBuildFile section */

/* Begin PBXContainerItemProxy section */
		458D085D23E4706C00605EBB /* PBXContainerItemProxy */ = {
			isa = PBXContainerItemProxy;
			containerPortal = 458D083E23E4706B00605EBB /* Project object */;
			proxyType = 1;
			remoteGlobalIDString = 458D084523E4706B00605EBB;
			remoteInfo = HelloSwift;
		};
		458D086823E4706C00605EBB /* PBXContainerItemProxy */ = {
			isa = PBXContainerItemProxy;
			containerPortal = 458D083E23E4706B00605EBB /* Project object */;
			proxyType = 1;
			remoteGlobalIDString = 458D084523E4706B00605EBB;
			remoteInfo = HelloSwift;
		};
/* End PBXContainerItemProxy section */

/* Begin PBXFileReference section */
		458D084623E4706B00605EBB /* HelloSwift.app */ = {isa = PBXFileReference; explicitFileType = wrapper.application; includeInIndex = 0; path = HelloSwift.app; sourceTree = BUILT_PRODUCTS_DIR; };
		458D084923E4706B00605EBB /* AppDelegate.swift */ = {isa = PBXFileReference; lastKnownFileType = sourcecode.swift; path = AppDelegate.swift; sourceTree = "<group>"; };
		458D084B23E4706B00605EBB /* SceneDelegate.swift */ = {isa = PBXFileReference; lastKnownFileType = sourcecode.swift; path = SceneDelegate.swift; sourceTree = "<group>"; };
		458D084D23E4706B00605EBB /* ViewController.swift */ = {isa = PBXFileReference; lastKnownFileType = sourcecode.swift; path = ViewController.swift; sourceTree = "<group>"; };
		458D085023E4706B00605EBB /* Base */ = {isa = PBXFileReference; lastKnownFileType = file.storyboard; name = Base; path = Base.lproj/Main.storyboard; sourceTree = "<group>"; };
		458D085223E4706C00605EBB /* Assets.xcassets */ = {isa = PBXFileReference; lastKnownFileType = folder.assetcatalog; path = Assets.xcassets; sourceTree = "<group>"; };
		458D085523E4706C00605EBB /* Base */ = {isa = PBXFileReference; lastKnownFileType = file.storyboard; name = Base; path = Base.lproj/LaunchScreen.storyboard; sourceTree = "<group>"; };
		458D085723E4706C00605EBB /* Info.plist */ = {isa = PBXFileReference; lastKnownFileType = text.plist.xml; path = Info.plist; sourceTree = "<group>"; };
		458D085C23E4706C00605EBB /* HelloSwiftTests.xctest */ = {isa = PBXFileReference; explicitFileType = wrapper.cfbundle; includeInIndex = 0; path = HelloSwiftTests.xctest; sourceTree = BUILT_PRODUCTS_DIR; };
		458D086023E4706C00605EBB /* HelloSwiftTests.swift */ = {isa = PBXFileReference; lastKnownFileType = sourcecode.swift; path = HelloSwiftTests.swift; sourceTree = "<group>"; };
		458D086223E4706C00605EBB /* Info.plist */ = {isa = PBXFileReference; lastKnownFileType = text.plist.xml; path = Info.plist; sourceTree = "<group>"; };
		458D086723E4706C00605EBB /* HelloSwiftUITests.xctest */ = {isa = PBXFileReference; explicitFileType = wrapper.cfbundle; includeInIndex = 0; path = HelloSwiftUITests.xctest; sourceTree = BUILT_PRODUCTS_DIR; };
		458D086B23E4706C00605EBB /* HelloSwiftUITests.swift */ = {isa = PBXFileReference; lastKnownFileType = sourcecode.swift; path = HelloSwiftUITests.swift; sourceTree = "<group>"; };
		458D086D23E4706C00605EBB /* Info.plist */ = {isa = PBXFileReference; lastKnownFileType = text.plist.xml; path = Info.plist; sourceTree = "<group>"; };
/* End PBXFileReference section */

/* Begin PBXFrameworksBuildPhase section */
		458D084323E4706B00605EBB /* Frameworks */ = {
			isa = PBXFrameworksBuildPhase;
			buildActionMask = 2147483647;
			files = (
			);
			runOnlyForDeploymentPostprocessing = 0;
		};
		458D085923E4706C00605EBB /* Frameworks */ = {
			isa = PBXFrameworksBuildPhase;
			buildActionMask = 2147483647;
			files = (
			);
			runOnlyForDeploymentPostprocessing = 0;
		};
		458D086423E4706C00605EBB /* Frameworks */ = {
			isa = PBXFrameworksBuildPhase;
			buildActionMask = 2147483647;
			files = (
			);
			runOnlyForDeploymentPostprocessing = 0;
		};
/* End PBXFrameworksBuildPhase section */

/* Begin PBXGroup section */
		458D083D23E4706B00605EBB = {
			isa = PBXGroup;
			children = (
				458D084823E4706B00605EBB /* HelloSwift */,
				458D085F23E4706C00605EBB /* HelloSwiftTests */,
				458D086A23E4706C00605EBB /* HelloSwiftUITests */,
				458D084723E4706B00605EBB /* Products */,
			);
			sourceTree = "<group>";
		};
		458D084723E4706B00605EBB /* Products */ = {
			isa = PBXGroup;
			children = (
				458D084623E4706B00605EBB /* HelloSwift.app */,
				458D085C23E4706C00605EBB /* HelloSwiftTests.xctest */,
				458D086723E4706C00605EBB /* HelloSwiftUITests.xctest */,
			);
			name = Products;
			sourceTree = "<group>";
		};
		458D084823E4706B00605EBB /* HelloSwift */ = {
			isa = PBXGroup;
			children = (
				458D084923E4706B00605EBB /* AppDelegate.swift */,
				458D084B23E4706B00605EBB /* SceneDelegate.swift */,
				458D084D23E4706B00605EBB /* ViewController.swift */,
				458D084F23E4706B00605EBB /* Main.storyboard */,
				458D085223E4706C00605EBB /* Assets.xcassets */,
				458D085423E4706C00605EBB /* LaunchScreen.storyboard */,
				458D085723E4706C00605EBB /* Info.plist */,
			);
			path = HelloSwift;
			sourceTree = "<group>";
		};
		458D085F23E4706C00605EBB /* HelloSwiftTests */ = {
			isa = PBXGroup;
			children = (
				458D086023E4706C00605EBB /* HelloSwiftTests.swift */,
				458D086223E4706C00605EBB /* Info.plist */,
			);
			path = HelloSwiftTests;
			sourceTree = "<group>";
		};
		458D086A23E4706C00605EBB /* HelloSwiftUITests */ = {
			isa = PBXGroup;
			children = (
				458D086B23E4706C00605EBB /* HelloSwiftUITests.swift */,
				458D086D23E4706C00605EBB /* Info.plist */,
			);
			path = HelloSwiftUITests;
			sourceTree = "<group>";
		};
/* End PBXGroup section */

/* Begin PBXNativeTarget section */
		458D084523E4706B00605EBB /* HelloSwift */ = {
			isa = PBXNativeTarget;
			buildConfigurationList = 458D087023E4706C00605EBB /* Build configuration list for PBXNativeTarget "HelloSwift" */;
			buildPhases = (
				458D084223E4706B00605EBB /* Sources */,
				458D084323E4706B00605EBB /* Frameworks */,
				458D084423E4706B00605EBB /* Resources */,
			);
			buildRules = (
			);
			dependencies = (
			);
			name = HelloSwift;
			productName = HelloSwift;
			productReference = 458D084623E4706B00605EBB /* HelloSwift.app */;
			productType = "com.apple.product-type.application";
		};
		458D085B23E4706C00605EBB /* HelloSwiftTests */ = {
			isa = PBXNativeTarget;
			buildConfigurationList = 458D087323E4706C00605EBB /* Build configuration list for PBXNativeTarget "HelloSwiftTests" */;
			buildPhases = (
				458D085823E4706C00605EBB /* Sources */,
				458D085923E4706C00605EBB /* Frameworks */,
				458D085A23E4706C00605EBB /* Resources */,
			);
			buildRules = (
			);
			dependencies = (
				458D085E23E4706C00605EBB /* PBXTargetDependency */,
			);
			name = HelloSwiftTests;
			productName = HelloSwiftTests;
			productReference = 458D085C23E4706C00605EBB /* HelloSwiftTests.xctest */;
			productType = "com.apple.product-type.bundle.unit-test";
		};
		458D086623E4706C00605EBB /* HelloSwiftUITests */ = {
			isa = PBXNativeTarget;
			buildConfigurationList = 458D087623E4706C00605EBB /* Build configuration list for PBXNativeTarget "HelloSwiftUITests" */;
			buildPhases = (
				458D086323E4706C00605EBB /* Sources */,
				458D086423E4706C00605EBB /* Frameworks */,
				458D086523E4706C00605EBB /* Resources */,
			);
			buildRules = (
			);
			dependencies = (
				458D086923E4706C00605EBB /* PBXTargetDependency */,
			);
			name = HelloSwiftUITests;
			productName = HelloSwiftUITests;
			productReference = 458D086723E4706C00605EBB /* HelloSwiftUITests.xctest */;
			productType = "com.apple.product-type.bundle.ui-testing";
		};
/* End PBXNativeTarget section */

/* Begin PBXProject section */
		458D083E23E4706B00605EBB /* Project object */ = {
			isa = PBXProject;
			attributes = {
				LastSwiftUpdateCheck = 1130;
				LastUpgradeCheck = 1130;
				ORGANIZATIONNAME = "Aditya Alvari";
				TargetAttributes = {
					458D084523E4706B00605EBB = {
						CreatedOnToolsVersion = 11.3.1;
					};
					458D085B23E4706C00605EBB = {
						CreatedOnToolsVersion = 11.3.1;
						TestTargetID = 458D084523E4706B00605EBB;
					};
					458D086623E4706C00605EBB = {
						CreatedOnToolsVersion = 11.3.1;
						TestTargetID = 458D084523E4706B00605EBB;
					};
				};
			};
			buildConfigurationList = 458D084123E4706B00605EBB /* Build configuration list for PBXProject "HelloSwift" */;
			compatibilityVersion = "Xcode 9.3";
			developmentRegion = en;
			hasScannedForEncodings = 0;
			knownRegions = (
				en,
				Base,
			);
			mainGroup = 458D083D23E4706B00605EBB;
			productRefGroup = 458D084723E4706B00605EBB /* Products */;
			projectDirPath = "";
			projectRoot = "";
			targets = (
				458D084523E4706B00605EBB /* HelloSwift */,
				458D085B23E4706C00605EBB /* HelloSwiftTests */,
				458D086623E4706C00605EBB /* HelloSwiftUITests */,
			);
		};
/* End PBXProject section */

/* Begin PBXResourcesBuildPhase section */
		458D084423E4706B00605EBB /* Resources */ = {
			isa = PBXResourcesBuildPhase;
			buildActionMask = 2147483647;
			files = (
				458D085623E4706C00605EBB /* LaunchScreen.storyboard in Resources */,
				458D085323E4706C00605EBB /* Assets.xcassets in Resources */,
				458D085123E4706B00605EBB /* Main.storyboard in Resources */,
			);
			runOnlyForDeploymentPostprocessing = 0;
		};
		458D085A23E4706C00605EBB /* Resources */ = {
			isa = PBXResourcesBuildPhase;
			buildActionMask = 2147483647;
			files = (
			);
			runOnlyForDeploymentPostprocessing = 0;
		};
		458D086523E4706C00605EBB /* Resources */ = {
			isa = PBXResourcesBuildPhase;
			buildActionMask = 2147483647;
			files = (
			);
			runOnlyForDeploymentPostprocessing = 0;
		};
/* End PBXResourcesBuildPhase section */

/* Begin PBXSourcesBuildPhase section */
		458D084223E4706B00605EBB /* Sources */ = {
			isa = PBXSourcesBuildPhase;
			buildActionMask = 2147483647;
			files = (
				458D084E23E4706B00605EBB /* ViewController.swift in Sources */,
				458D084A23E4706B00605EBB /* AppDelegate.swift in Sources */,
				458D084C23E4706B00605EBB /* SceneDelegate.swift in Sources */,
			);
			runOnlyForDeploymentPostprocessing = 0;
		};
		458D085823E4706C00605EBB /* Sources */ = {
			isa = PBXSourcesBuildPhase;
			buildActionMask = 2147483647;
			files = (
				458D086123E4706C00605EBB /* HelloSwiftTests.swift in Sources */,
			);
			runOnlyForDeploymentPostprocessing = 0;
		};
		458D086323E4706C00605EBB /* Sources */ = {
			isa = PBXSourcesBuildPhase;
			buildActionMask = 2147483647;
			files = (
				458D086C23E4706C00605EBB /* HelloSwiftUITests.swift in Sources */,
			);
			runOnlyForDeploymentPostprocessing = 0;
		};
/* End PBXSourcesBuildPhase section */

/* Begin PBXTargetDependency section */
		458D085E23E4706C00605EBB /* PBXTargetDependency */ = {
			isa = PBXTargetDependency;
			target = 458D084523E4706B00605EBB /* HelloSwift */;
			targetProxy = 458D085D23E4706C00605EBB /* PBXContainerItemProxy */;
		};
		458D086923E4706C00605EBB /* PBXTargetDependency */ = {
			isa = PBXTargetDependency;
			target = 458D084523E4706B00605EBB /* HelloSwift */;
			targetProxy = 458D086823E4706C00605EBB /* PBXContainerItemProxy */;
		};
/* End PBXTargetDependency section */

/* Begin PBXVariantGroup section */
		458D084F23E4706B00605EBB /* Main.storyboard */ = {
			isa = PBXVariantGroup;
			children = (
				458D085023E4706B00605EBB /* Base */,
			);
			name = Main.storyboard;
			sourceTree = "<group>";
		};
		458D085423E4706C00605EBB /* LaunchScreen.storyboard */ = {
			isa = PBXVariantGroup;
			children = (
				458D085523E4706C00605EBB /* Base */,
			);
			name = LaunchScreen.storyboard;
			sourceTree = "<group>";
		};
/* End PBXVariantGroup section */

/* Begin XCBuildConfiguration section */
		458D086E23E4706C00605EBB /* Debug */ = {
			isa = XCBuildConfiguration;
			buildSettings = {
				ALWAYS_SEARCH_USER_PATHS = NO;
				CLANG_ANALYZER_NONNULL = YES;
				CLANG_ANALYZER_NUMBER_OBJECT_CONVERSION = YES_AGGRESSIVE;
				CLANG_CXX_LANGUAGE_STANDARD = "gnu++14";
				CLANG_CXX_LIBRARY = "libc++";
				CLANG_ENABLE_MODULES = YES;
				CLANG_ENABLE_OBJC_ARC = YES;
				CLANG_ENABLE_OBJC_WEAK = YES;
				CLANG_WARN_BLOCK_CAPTURE_AUTORELEASING = YES;
				CLANG_WARN_BOOL_CONVERSION = YES;
				CLANG_WARN_COMMA = YES;
				CLANG_WARN_CONSTANT_CONVERSION = YES;
				CLANG_WARN_DEPRECATED_OBJC_IMPLEMENTATIONS = YES;
				CLANG_WARN_DIRECT_OBJC_ISA_USAGE = YES_ERROR;
				CLANG_WARN_DOCUMENTATION_COMMENTS = YES;
				CLANG_WARN_EMPTY_BODY = YES;
				CLANG_WARN_ENUM_CONVERSION = YES;
				CLANG_WARN_INFINITE_RECURSION = YES;
				CLANG_WARN_INT_CONVERSION = YES;
				CLANG_WARN_NON_LITERAL_NULL_CONVERSION = YES;
				CLANG_WARN_OBJC_IMPLICIT_RETAIN_SELF = YES;
				CLANG_WARN_OBJC_LITERAL_CONVERSION = YES;
				CLANG_WARN_OBJC_ROOT_CLASS = YES_ERROR;
				CLANG_WARN_RANGE_LOOP_ANALYSIS = YES;
				CLANG_WARN_STRICT_PROTOTYPES = YES;
				CLANG_WARN_SUSPICIOUS_MOVE = YES;
				CLANG_WARN_UNGUARDED_AVAILABILITY = YES_AGGRESSIVE;
				CLANG_WARN_UNREACHABLE_CODE = YES;
				CLANG_WARN__DUPLICATE_METHOD_MATCH = YES;
				COPY_PHASE_STRIP = NO;
				DEBUG_INFORMATION_FORMAT = dwarf;
				ENABLE_STRICT_OBJC_MSGSEND = YES;
				ENABLE_TESTABILITY = YES;
				GCC_C_LANGUAGE_STANDARD = gnu11;
				GCC_DYNAMIC_NO_PIC = NO;
				GCC_NO_COMMON_BLOCKS = YES;
				GCC_OPTIMIZATION_LEVEL = 0;
				GCC_PREPROCESSOR_DEFINITIONS = (
					"DEBUG=1",
					"$(inherited)",
				);
				GCC_WARN_64_TO_32_BIT_CONVERSION = YES;
				GCC_WARN_ABOUT_RETURN_TYPE = YES_ERROR;
				GCC_WARN_UNDECLARED_SELECTOR = YES;
				GCC_WARN_UNINITIALIZED_AUTOS = YES_AGGRESSIVE;
				GCC_WARN_UNUSED_FUNCTION = YES;
				GCC_WARN_UNUSED_VARIABLE = YES;
				IPHONEOS_DEPLOYMENT_TARGET = 13.2;
				MTL_ENABLE_DEBUG_INFO = INCLUDE_SOURCE;
				MTL_FAST_MATH = YES;
				ONLY_ACTIVE_ARCH = YES;
				SDKROOT = iphoneos;
				SWIFT_ACTIVE_COMPILATION_CONDITIONS = DEBUG;
				SWIFT_OPTIMIZATION_LEVEL = "-Onone";
			};
			name = Debug;
		};
		458D086F23E4706C00605EBB /* Release */ = {
			isa = XCBuildConfiguration;
			buildSettings = {
				ALWAYS_SEARCH_USER_PATHS = NO;
				CLANG_ANALYZER_NONNULL = YES;
				CLANG_ANALYZER_NUMBER_OBJECT_CONVERSION = YES_AGGRESSIVE;
				CLANG_CXX_LANGUAGE_STANDARD = "gnu++14";
				CLANG_CXX_LIBRARY = "libc++";
				CLANG_ENABLE_MODULES = YES;
				CLANG_ENABLE_OBJC_ARC = YES;
				CLANG_ENABLE_OBJC_WEAK = YES;
				CLANG_WARN_BLOCK_CAPTURE_AUTORELEASING = YES;
				CLANG_WARN_BOOL_CONVERSION = YES;
				CLANG_WARN_COMMA = YES;
				CLANG_WARN_CONSTANT_CONVERSION = YES;
				CLANG_WARN_DEPRECATED_OBJC_IMPLEMENTATIONS = YES;
				CLANG_WARN_DIRECT_OBJC_ISA_USAGE = YES_ERROR;
				CLANG_WARN_DOCUMENTATION_COMMENTS = YES;
				CLANG_WARN_EMPTY_BODY = YES;
				CLANG_WARN_ENUM_CONVERSION = YES;
				CLANG_WARN_INFINITE_RECURSION = YES;
				CLANG_WARN_INT_CONVERSION = YES;
				CLANG_WARN_NON_LITERAL_NULL_CONVERSION = YES;
				CLANG_WARN_OBJC_IMPLICIT_RETAIN_SELF = YES;
				CLANG_WARN_OBJC_LITERAL_CONVERSION = YES;
				CLANG_WARN_OBJC_ROOT_CLASS = YES_ERROR;
				CLANG_WARN_RANGE_LOOP_ANALYSIS = YES;
				CLANG_WARN_STRICT_PROTOTYPES = YES;
				CLANG_WARN_SUSPICIOUS_MOVE = YES;
				CLANG_WARN_UNGUARDED_AVAILABILITY = YES_AGGRESSIVE;
				CLANG_WARN_UNREACHABLE_CODE = YES;
				CLANG_WARN__DUPLICATE_METHOD_MATCH = YES;
				COPY_PHASE_STRIP = NO;
				DEBUG_INFORMATION_FORMAT = "dwarf-with-dsym";
				ENABLE_NS_ASSERTIONS = NO;
				ENABLE_STRICT_OBJC_MSGSEND = YES;
				GCC_C_LANGUAGE_STANDARD = gnu11;
				GCC_NO_COMMON_BLOCKS = YES;
				GCC_WARN_64_TO_32_BIT_CONVERSION = YES;
				GCC_WARN_ABOUT_RETURN_TYPE = YES_ERROR;
				GCC_WARN_UNDECLARED_SELECTOR = YES;
				GCC_WARN_UNINITIALIZED_AUTOS = YES_AGGRESSIVE;
				GCC_WARN_UNUSED_FUNCTION = YES;
				GCC_WARN_UNUSED_VARIABLE = YES;
				IPHONEOS_DEPLOYMENT_TARGET = 13.2;
				MTL_ENABLE_DEBUG_INFO = NO;
				MTL_FAST_MATH = YES;
				SDKROOT = iphoneos;
				SWIFT_COMPILATION_MODE = wholemodule;
				SWIFT_OPTIMIZATION_LEVEL = "-O";
				VALIDATE_PRODUCT = YES;
			};
			name = Release;
		};
		458D087123E4706C00605EBB /* Debug */ = {
			isa = XCBuildConfiguration;
			buildSettings = {
				ASSETCATALOG_COMPILER_APPICON_NAME = AppIcon;
				CODE_SIGN_STYLE = Automatic;
				DEVELOPMENT_TEAM = CJQR7YR729;
				INFOPLIST_FILE = HelloSwift/Info.plist;
				IPHONEOS_DEPLOYMENT_TARGET = 13.2;
				LD_RUNPATH_SEARCH_PATHS = (
					"$(inherited)",
					"@executable_path/Frameworks",
				);
				PRODUCT_BUNDLE_IDENTIFIER = ALV.HelloSwift;
				PRODUCT_NAME = "$(TARGET_NAME)";
				SWIFT_VERSION = 5.0;
				TARGETED_DEVICE_FAMILY = "1,2";
			};
			name = Debug;
		};
		458D087223E4706C00605EBB /* Release */ = {
			isa = XCBuildConfiguration;
			buildSettings = {
				ASSETCATALOG_COMPILER_APPICON_NAME = AppIcon;
				CODE_SIGN_STYLE = Automatic;
				DEVELOPMENT_TEAM = CJQR7YR729;
				INFOPLIST_FILE = HelloSwift/Info.plist;
				IPHONEOS_DEPLOYMENT_TARGET = 13.2;
				LD_RUNPATH_SEARCH_PATHS = (
					"$(inherited)",
					"@executable_path/Frameworks",
				);
				PRODUCT_BUNDLE_IDENTIFIER = ALV.HelloSwift;
				PRODUCT_NAME = "$(TARGET_NAME)";
				SWIFT_VERSION = 5.0;
				TARGETED_DEVICE_FAMILY = "1,2";
			};
			name = Release;
		};
		458D087423E4706C00605EBB /* Debug */ = {
			isa = XCBuildConfiguration;
			buildSettings = {
				ALWAYS_EMBED_SWIFT_STANDARD_LIBRARIES = YES;
				BUNDLE_LOADER = "$(TEST_HOST)";
				CODE_SIGN_STYLE = Automatic;
				DEVELOPMENT_TEAM = CJQR7YR729;
				INFOPLIST_FILE = HelloSwiftTests/Info.plist;
				IPHONEOS_DEPLOYMENT_TARGET = 13.2;
				LD_RUNPATH_SEARCH_PATHS = (
					"$(inherited)",
					"@executable_path/Frameworks",
					"@loader_path/Frameworks",
				);
				PRODUCT_BUNDLE_IDENTIFIER = ALV.HelloSwiftTests;
				PRODUCT_NAME = "$(TARGET_NAME)";
				SWIFT_VERSION = 5.0;
				TARGETED_DEVICE_FAMILY = "1,2";
				TEST_HOST = "$(BUILT_PRODUCTS_DIR)/HelloSwift.app/HelloSwift";
			};
			name = Debug;
		};
		458D087523E4706C00605EBB /* Release */ = {
			isa = XCBuildConfiguration;
			buildSettings = {
				ALWAYS_EMBED_SWIFT_STANDARD_LIBRARIES = YES;
				BUNDLE_LOADER = "$(TEST_HOST)";
				CODE_SIGN_STYLE = Automatic;
				DEVELOPMENT_TEAM = CJQR7YR729;
				INFOPLIST_FILE = HelloSwiftTests/Info.plist;
				IPHONEOS_DEPLOYMENT_TARGET = 13.2;
				LD_RUNPATH_SEARCH_PATHS = (
					"$(inherited)",
					"@executable_path/Frameworks",
					"@loader_path/Frameworks",
				);
				PRODUCT_BUNDLE_IDENTIFIER = ALV.HelloSwiftTests;
				PRODUCT_NAME = "$(TARGET_NAME)";
				SWIFT_VERSION = 5.0;
				TARGETED_DEVICE_FAMILY = "1,2";
				TEST_HOST = "$(BUILT_PRODUCTS_DIR)/HelloSwift.app/HelloSwift";
			};
			name = Release;
		};
		458D087723E4706C00605EBB /* Debug */ = {
			isa = XCBuildConfiguration;
			buildSettings = {
				ALWAYS_EMBED_SWIFT_STANDARD_LIBRARIES = YES;
				CODE_SIGN_STYLE = Automatic;
				DEVELOPMENT_TEAM = CJQR7YR729;
				INFOPLIST_FILE = HelloSwiftUITests/Info.plist;
				LD_RUNPATH_SEARCH_PATHS = (
					"$(inherited)",
					"@executable_path/Frameworks",
					"@loader_path/Frameworks",
				);
				PRODUCT_BUNDLE_IDENTIFIER = ALV.HelloSwiftUITests;
				PRODUCT_NAME = "$(TARGET_NAME)";
				SWIFT_VERSION = 5.0;
				TARGETED_DEVICE_FAMILY = "1,2";
				TEST_TARGET_NAME = HelloSwift;
			};
			name = Debug;
		};
		458D087823E4706C00605EBB /* Release */ = {
			isa = XCBuildConfiguration;
			buildSettings = {
				ALWAYS_EMBED_SWIFT_STANDARD_LIBRARIES = YES;
				CODE_SIGN_STYLE = Automatic;
				DEVELOPMENT_TEAM = CJQR7YR729;
				INFOPLIST_FILE = HelloSwiftUITests/Info.plist;
				LD_RUNPATH_SEARCH_PATHS = (
					"$(inherited)",
					"@executable_path/Frameworks",
					"@loader_path/Frameworks",
				);
				PRODUCT_BUNDLE_IDENTIFIER = ALV.HelloSwiftUITests;
				PRODUCT_NAME = "$(TARGET_NAME)";
				SWIFT_VERSION = 5.0;
				TARGETED_DEVICE_FAMILY = "1,2";
				TEST_TARGET_NAME = HelloSwift;
			};
			name = Release;
		};
/* End XCBuildConfiguration section */

/* Begin XCConfigurationList section */
		458D084123E4706B00605EBB /* Build configuration list for PBXProject "HelloSwift" */ = {
			isa = XCConfigurationList;
			buildConfigurations = (
				458D086E23E4706C00605EBB /* Debug */,
				458D086F23E4706C00605EBB /* Release */,
			);
			defaultConfigurationIsVisible = 0;
			defaultConfigurationName = Release;
		};
		458D087023E4706C00605EBB /* Build configuration list for PBXNativeTarget "HelloSwift" */ = {
			isa = XCConfigurationList;
			buildConfigurations = (
				458D087123E4706C00605EBB /* Debug */,
				458D087223E4706C00605EBB /* Release */,
			);
			defaultConfigurationIsVisible = 0;
			defaultConfigurationName = Release;
		};
		458D087323E4706C00605EBB /* Build configuration list for PBXNativeTarget "HelloSwiftTests" */ = {
			isa = XCConfigurationList;
			buildConfigurations = (
				458D087423E4706C00605EBB /* Debug */,
				458D087523E4706C00605EBB /* Release */,
			);
			defaultConfigurationIsVisible = 0;
			defaultConfigurationName = Release;
		};
		458D087623E4706C00605EBB /* Build configuration list for PBXNativeTarget "HelloSwiftUITests" */ = {
			isa = XCConfigurationList;
			buildConfigurations = (
				458D087723E4706C00605EBB /* Debug */,
				458D087823E4706C00605EBB /* Release */,
			);
			defaultConfigurationIsVisible = 0;
			defaultConfigurationName = Release;
		};
/* End XCConfigurationList section */
	};
	rootObject = 458D083E23E4706B00605EBB /* Project object */;
}
